
Microsoft Visual Studio Solution File, Format Version 12.00
# Visual Studio Version 17
VisualStudioVersion = 17.14.37012.4 d17.14
MinimumVisualStudioVersion = 10.0.40219.1
Project("{FAE04EC0-301F-11D3-BF4B-00C04F79EFBC}") = "c sharp zadacha 26.02", "c sharp zadacha 26.02\c sharp zadacha 26.02.csproj", "{BC245062-ADD6-49A8-A083-1ABD34142596}"
EndProject
Global
	GlobalSection(SolutionConfigurationPlatforms) = preSolution
		Debug|Any CPU = Debug|Any CPU
		Release|Any CPU = Release|Any CPU
	EndGlobalSection
	GlobalSection(ProjectConfigurationPlatforms) = postSolution
		{BC245062-ADD6-49A8-A083-1ABD34142596}.Debug|Any CPU.ActiveCfg = Debug|Any CPU
		{BC245062-ADD6-49A8-A083-1ABD34142596}.Debug|Any CPU.Build.0 = Debug|Any CPU
		{BC245062-ADD6-49A8-A083-1ABD34142596}.Release|Any CPU.ActiveCfg = Release|Any CPU
		{BC245062-ADD6-49A8-A083-1ABD34142596}.Release|Any CPU.Build.0 = Release|Any CPU
	EndGlobalSection
	GlobalSection(SolutionProperties) = preSolution
		HideSolutionNode = FALSE
	EndGlobalSection
	GlobalSection(ExtensibilityGlobals) = postSolution
		SolutionGuid = {80182B6B-C1C3-439B-BA2C-5E948D539E85}
	EndGlobalSection
EndGlobal
