
Microsoft Visual Studio Solution File, Format Version 12.00
# Visual Studio Version 17
VisualStudioVersion = 17.14.37012.4 d17.14
MinimumVisualStudioVersion = 10.0.40219.1
Project("{FAE04EC0-301F-11D3-BF4B-00C04F79EFBC}") = "c sharp first lessson final", "c sharp first lessson final\c sharp first lessson final.csproj", "{9726978E-C1EE-4AC1-B521-37DA67C86F44}"
EndProject
Global
	GlobalSection(SolutionConfigurationPlatforms) = preSolution
		Debug|Any CPU = Debug|Any CPU
		Release|Any CPU = Release|Any CPU
	EndGlobalSection
	GlobalSection(ProjectConfigurationPlatforms) = postSolution
		{9726978E-C1EE-4AC1-B521-37DA67C86F44}.Debug|Any CPU.ActiveCfg = Debug|Any CPU
		{9726978E-C1EE-4AC1-B521-37DA67C86F44}.Debug|Any CPU.Build.0 = Debug|Any CPU
		{9726978E-C1EE-4AC1-B521-37DA67C86F44}.Release|Any CPU.ActiveCfg = Release|Any CPU
		{9726978E-C1EE-4AC1-B521-37DA67C86F44}.Release|Any CPU.Build.0 = Release|Any CPU
	EndGlobalSection
	GlobalSection(SolutionProperties) = preSolution
		HideSolutionNode = FALSE
	EndGlobalSection
	GlobalSection(ExtensibilityGlobals) = postSolution
		SolutionGuid = {B228977E-F83A-4CB8-AA33-D3FFD5DAE396}
	EndGlobalSection
EndGlobal
