
Microsoft Visual Studio Solution File, Format Version 12.00
# Visual Studio Version 17
VisualStudioVersion = 17.14.37012.4 d17.14
MinimumVisualStudioVersion = 10.0.40219.1
Project("{FAE04EC0-301F-11D3-BF4B-00C04F79EFBC}") = "c sharp zadacha 5 26.02", "c sharp zadacha 5 26.02\c sharp zadacha 5 26.02.csproj", "{20FDC5E4-0940-4EAB-8D16-BD39F9713C87}"
EndProject
Global
	GlobalSection(SolutionConfigurationPlatforms) = preSolution
		Debug|Any CPU = Debug|Any CPU
		Release|Any CPU = Release|Any CPU
	EndGlobalSection
	GlobalSection(ProjectConfigurationPlatforms) = postSolution
		{20FDC5E4-0940-4EAB-8D16-BD39F9713C87}.Debug|Any CPU.ActiveCfg = Debug|Any CPU
		{20FDC5E4-0940-4EAB-8D16-BD39F9713C87}.Debug|Any CPU.Build.0 = Debug|Any CPU
		{20FDC5E4-0940-4EAB-8D16-BD39F9713C87}.Release|Any CPU.ActiveCfg = Release|Any CPU
		{20FDC5E4-0940-4EAB-8D16-BD39F9713C87}.Release|Any CPU.Build.0 = Release|Any CPU
	EndGlobalSection
	GlobalSection(SolutionProperties) = preSolution
		HideSolutionNode = FALSE
	EndGlobalSection
	GlobalSection(ExtensibilityGlobals) = postSolution
		SolutionGuid = {D91C8698-42F6-4904-A418-F654547F62ED}
	EndGlobalSection
EndGlobal
